// !$*UTF8*$!
{
	archiveVersion = 1;
	classes = {
	};
	objectVersion = 46;
	objects = {

/* Begin PBXBuildFile section */
		2C3AA55616D4109B002AFBB9 /* UIKit.framework in Frameworks */ = {isa = PBXBuildFile; fileRef = 2C3AA55516D4109B002AFBB9 /* UIKit.framework */; };
		2C3AA55816D4109B002AFBB9 /* Foundation.framework in Frameworks */ = {isa = PBXBuildFile; fileRef = 2C3AA55716D4109B002AFBB9 /* Foundation.framework */; };
		2C3AA55A16D4109B002AFBB9 /* CoreGraphics.framework in Frameworks */ = {isa = PBXBuildFile; fileRef = 2C3AA55916D4109B002AFBB9 /* CoreGraphics.framework */; };
		2C3AA56016D4109B002AFBB9 /* InfoPlist.strings in Resources */ = {isa = PBXBuildFile; fileRef = 2C3AA55E16D4109B002AFBB9 /* InfoPlist.strings */; };
		2C3AA56216D4109B002AFBB9 /* main.m in Sources */ = {isa = PBXBuildFile; fileRef = 2C3AA56116D4109B002AFBB9 /* main.m */; };
		2C3AA56616D4109B002AFBB9 /* AppDelegate.m in Sources */ = {isa = PBXBuildFile; fileRef = 2C3AA56516D4109B002AFBB9 /* AppDelegate.m */; };
		2C3AA56816D4109B002AFBB9 /* Default.png in Resources */ = {isa = PBXBuildFile; fileRef = 2C3AA56716D4109B002AFBB9 /* Default.png */; };
		2C3AA56A16D4109B002AFBB9 /* Default@2x.png in Resources */ = {isa = PBXBuildFile; fileRef = 2C3AA56916D4109B002AFBB9 /* Default@2x.png */; };
		2C3AA56C16D4109B002AFBB9 /* Default-568h@2x.png in Resources */ = {isa = PBXBuildFile; fileRef = 2C3AA56B16D4109B002AFBB9 /* Default-568h@2x.png */; };
		2C3AA56F16D4109B002AFBB9 /* ViewController.m in Sources */ = {isa = PBXBuildFile; fileRef = 2C3AA56E16D4109B002AFBB9 /* ViewController.m */; };
		2C3AA57216D4109B002AFBB9 /* ViewController.xib in Resources */ = {isa = PBXBuildFile; fileRef = 2C3AA57016D4109B002AFBB9 /* ViewController.xib */; };
/* End PBXBuildFile section */

/* Begin PBXFileReference section */
		2C3AA55216D4109B002AFBB9 /* iPhoneApp.app */ = {isa = PBXFileReference; explicitFileType = wrapper.application; includeInIndex = 0; path = iPhoneApp.app; sourceTree = BUILT_PRODUCTS_DIR; };
		2C3AA55516D4109B002AFBB9 /* UIKit.framework */ = {isa = PBXFileReference; lastKnownFileType = wrapper.framework; name = UIKit.framework; path = System/Library/Frameworks/UIKit.framework; sourceTree = SDKROOT; };
		2C3AA55716D4109B002AFBB9 /* Foundation.framework */ = {isa = PBXFileReference; lastKnownFileType = wrapper.framework; name = Foundation.framework; path = System/Library/Frameworks/Foundation.framework; sourceTree = SDKROOT; };
		2C3AA55916D4109B002AFBB9 /* CoreGraphics.framework */ = {isa = PBXFileReference; lastKnownFileType = wrapper.framework; name = CoreGraphics.framework; path = System/Library/Frameworks/CoreGraphics.framework; sourceTree = SDKROOT; };
		2C3AA55D16D4109B002AFBB9 /* iPhoneApp-Info.plist */ = {isa = PBXFileReference; lastKnownFileType = text.plist.xml; path = "iPhoneApp-Info.plist"; sourceTree = "<group>"; };
		2C3AA55F16D4109B002AFBB9 /* en */ = {isa = PBXFileReference; lastKnownFileType = text.plist.strings; name = en; path = en.lproj/InfoPlist.strings; sourceTree = "<group>"; };
		2C3AA56116D4109B002AFBB9 /* main.m */ = {isa = PBXFileReference; lastKnownFileType = sourcecode.c.objc; path = main.m; sourceTree = "<group>"; };
		2C3AA56316D4109B002AFBB9 /* iPhoneApp-Prefix.pch */ = {isa = PBXFileReference; lastKnownFileType = sourcecode.c.h; path = "iPhoneApp-Prefix.pch"; sourceTree = "<group>"; };
		2C3AA56416D4109B002AFBB9 /* AppDelegate.h */ = {isa = PBXFileReference; lastKnownFileType = sourcecode.c.h; path = AppDelegate.h; sourceTree = "<group>"; };
		2C3AA56516D4109B002AFBB9 /* AppDelegate.m */ = {isa = PBXFileReference; lastKnownFileType = sourcecode.c.objc; path = AppDelegate.m; sourceTree = "<group>"; };
		2C3AA56716D4109B002AFBB9 /* Default.png */ = {isa = PBXFileReference; lastKnownFileType = image.png; path = Default.png; sourceTree = "<group>"; };
		2C3AA56916D4109B002AFBB9 /* Default@2x.png */ = {isa = PBXFileReference; lastKnownFileType = image.png; path = "Default@2x.png"; sourceTree = "<group>"; };
		2C3AA56B16D4109B002AFBB9 /* Default-568h@2x.png */ = {isa = PBXFileReference; lastKnownFileType = image.png; path = "Default-568h@2x.png"; sourceTree = "<group>"; };
		2C3AA56D16D4109B002AFBB9 /* ViewController.h */ = {isa = PBXFileReference; lastKnownFileType = sourcecode.c.h; path = ViewController.h; sourceTree = "<group>"; };
		2C3AA56E16D4109B002AFBB9 /* ViewController.m */ = {isa = PBXFileReference; lastKnownFileType = sourcecode.c.objc; path = ViewController.m; sourceTree = "<group>"; };
		2C3AA57116D4109B002AFBB9 /* en */ = {isa = PBXFileReference; lastKnownFileType = file.xib; name = en; path = en.lproj/ViewController.xib; sourceTree = "<group>"; };
/* End PBXFileReference section */

/* Begin PBXFrameworksBuildPhase section */
		2C3AA54F16D4109B002AFBB9 /* Frameworks */ = {
			isa = PBXFrameworksBuildPhase;
			buildActionMask = 2147483647;
			files = (
				2C3AA55616D4109B002AFBB9 /* UIKit.framework in Frameworks */,
				2C3AA55816D4109B002AFBB9 /* Foundation.framework in Frameworks */,
				2C3AA55A16D4109B002AFBB9 /* CoreGraphics.framework in Frameworks */,
			);
			runOnlyForDeploymentPostprocessing = 0;
		};
/* End PBXFrameworksBuildPhase section */

/* Begin PBXGroup section */
		2C3AA54916D4109B002AFBB9 = {
			isa = PBXGroup;
			children = (
				2C3AA55B16D4109B002AFBB9 /* iPhoneApp */,
				2C3AA55416D4109B002AFBB9 /* Frameworks */,
				2C3AA55316D4109B002AFBB9 /* Products */,
			);
			sourceTree = "<group>";
		};
		2C3AA55316D4109B002AFBB9 /* Products */ = {
			isa = PBXGroup;
			children = (
				2C3AA55216D4109B002AFBB9 /* iPhoneApp.app */,
			);
			name = Products;
			sourceTree = "<group>";
		};
		2C3AA55416D4109B002AFBB9 /* Frameworks */ = {
			isa = PBXGroup;
			children = (
				2C3AA55516D4109B002AFBB9 /* UIKit.framework */,
				2C3AA55716D4109B002AFBB9 /* Foundation.framework */,
				2C3AA55916D4109B002AFBB9 /* CoreGraphics.framework */,
			);
			name = Frameworks;
			sourceTree = "<group>";
		};
		2C3AA55B16D4109B002AFBB9 /* iPhoneApp */ = {
			isa = PBXGroup;
			children = (
				2C3AA56416D4109B002AFBB9 /* AppDelegate.h */,
				2C3AA56516D4109B002AFBB9 /* AppDelegate.m */,
				2C3AA56D16D4109B002AFBB9 /* ViewController.h */,
				2C3AA56E16D4109B002AFBB9 /* ViewController.m */,
				2C3AA57016D4109B002AFBB9 /* ViewController.xib */,
				2C3AA55C16D4109B002AFBB9 /* Supporting Files */,
			);
			path = iPhoneApp;
			sourceTree = "<group>";
		};
		2C3AA55C16D4109B002AFBB9 /* Supporting Files */ = {
			isa = PBXGroup;
			children = (
				2C3AA55D16D4109B002AFBB9 /* iPhoneApp-Info.plist */,
				2C3AA55E16D4109B002AFBB9 /* InfoPlist.strings */,
				2C3AA56116D4109B002AFBB9 /* main.m */,
				2C3AA56316D4109B002AFBB9 /* iPhoneApp-Prefix.pch */,
				2C3AA56716D4109B002AFBB9 /* Default.png */,
				2C3AA56916D4109B002AFBB9 /* Default@2x.png */,
				2C3AA56B16D4109B002AFBB9 /* Default-568h@2x.png */,
			);
			name = "Supporting Files";
			sourceTree = "<group>";
		};
/* End PBXGroup section */

/* Begin PBXNativeTarget section */
		2C3AA55116D4109B002AFBB9 /* iPhoneApp */ = {
			isa = PBXNativeTarget;
			buildConfigurationList = 2C3AA57516D4109B002AFBB9 /* Build configuration list for PBXNativeTarget "iPhoneApp" */;
			buildPhases = (
				2C3AA54E16D4109B002AFBB9 /* Sources */,
				2C3AA54F16D4109B002AFBB9 /* Frameworks */,
				2C3AA55016D4109B002AFBB9 /* Resources */,
			);
			buildRules = (
			);
			dependencies = (
			);
			name = iPhoneApp;
			productName = iPhoneApp;
			productReference = 2C3AA55216D4109B002AFBB9 /* iPhoneApp.app */;
			productType = "com.apple.product-type.application";
		};
/* End PBXNativeTarget section */

/* Begin PBXProject section */
		2C3AA54A16D4109B002AFBB9 /* Project object */ = {
			isa = PBXProject;
			attributes = {
				LastUpgradeCheck = 0460;
			};
			buildConfigurationList = 2C3AA54D16D4109B002AFBB9 /* Build configuration list for PBXProject "iPhoneApp" */;
			compatibilityVersion = "Xcode 3.2";
			developmentRegion = English;
			hasScannedForEncodings = 0;
			knownRegions = (
				en,
			);
			mainGroup = 2C3AA54916D4109B002AFBB9;
			productRefGroup = 2C3AA55316D4109B002AFBB9 /* Products */;
			projectDirPath = "";
			projectRoot = "";
			targets = (
				2C3AA55116D4109B002AFBB9 /* iPhoneApp */,
			);
		};
/* End PBXProject section */

/* Begin PBXResourcesBuildPhase section */
		2C3AA55016D4109B002AFBB9 /* Resources */ = {
			isa = PBXResourcesBuildPhase;
			buildActionMask = 2147483647;
			files = (
				2C3AA56016D4109B002AFBB9 /* InfoPlist.strings in Resources */,
				2C3AA56816D4109B002AFBB9 /* Default.png in Resources */,
				2C3AA56A16D4109B002AFBB9 /* Default@2x.png in Resources */,
				2C3AA56C16D4109B002AFBB9 /* Default-568h@2x.png in Resources */,
				2C3AA57216D4109B002AFBB9 /* ViewController.xib in Resources */,
			);
			runOnlyForDeploymentPostprocessing = 0;
		};
/* End PBXResourcesBuildPhase section */

/* Begin PBXSourcesBuildPhase section */
		2C3AA54E16D4109B002AFBB9 /* Sources */ = {
			isa = PBXSourcesBuildPhase;
			buildActionMask = 2147483647;
			files = (
				2C3AA56216D4109B002AFBB9 /* main.m in Sources */,
				2C3AA56616D4109B002AFBB9 /* AppDelegate.m in Sources */,
				2C3AA56F16D4109B002AFBB9 /* ViewController.m in Sources */,
			);
			runOnlyForDeploymentPostprocessing = 0;
		};
/* End PBXSourcesBuildPhase section */

/* Begin PBXVariantGroup section */
		2C3AA55E16D4109B002AFBB9 /* InfoPlist.strings */ = {
			isa = PBXVariantGroup;
			children = (
				2C3AA55F16D4109B002AFBB9 /* en */,
			);
			name = InfoPlist.strings;
			sourceTree = "<group>";
		};
		2C3AA57016D4109B002AFBB9 /* ViewController.xib */ = {
			isa = PBXVariantGroup;
			children = (
				2C3AA57116D4109B002AFBB9 /* en */,
			);
			name = ViewController.xib;
			sourceTree = "<group>";
		};
/* End PBXVariantGroup section */

/* Begin XCBuildConfiguration section */
		2C3AA57316D4109B002AFBB9 /* Debug */ = {
			isa = XCBuildConfiguration;
			buildSettings = {
				ALWAYS_SEARCH_USER_PATHS = NO;
				CLANG_CXX_LANGUAGE_STANDARD = "gnu++0x";
				CLANG_CXX_LIBRARY = "libc++";
				CLANG_ENABLE_OBJC_ARC = YES;
				CLANG_WARN_CONSTANT_CONVERSION = YES;
				CLANG_WARN_EMPTY_BODY = YES;
				CLANG_WARN_ENUM_CONVERSION = YES;
				CLANG_WARN_INT_CONVERSION = YES;
				CLANG_WARN__DUPLICATE_METHOD_MATCH = YES;
				"CODE_SIGN_IDENTITY[sdk=iphoneos*]" = "iPhone Developer";
				COPY_PHASE_STRIP = NO;
				GCC_C_LANGUAGE_STANDARD = gnu99;
				GCC_DYNAMIC_NO_PIC = NO;
				GCC_OPTIMIZATION_LEVEL = 0;
				GCC_PREPROCESSOR_DEFINITIONS = (
					"DEBUG=1",
					"$(inherited)",
				);
				GCC_SYMBOLS_PRIVATE_EXTERN = NO;
				GCC_WARN_ABOUT_RETURN_TYPE = YES;
				GCC_WARN_UNINITIALIZED_AUTOS = YES;
				GCC_WARN_UNUSED_VARIABLE = YES;
				IPHONEOS_DEPLOYMENT_TARGET = 6.1;
				ONLY_ACTIVE_ARCH = YES;
				SDKROOT = iphoneos;
			};
			name = Debug;
		};
		2C3AA57416D4109B002AFBB9 /* Release */ = {
			isa = XCBuildConfiguration;
			buildSettings = {
				ALWAYS_SEARCH_USER_PATHS = NO;
				CLANG_CXX_LANGUAGE_STANDARD = "gnu++0x";
				CLANG_CXX_LIBRARY = "libc++";
				CLANG_ENABLE_OBJC_ARC = YES;
				CLANG_WARN_CONSTANT_CONVERSION = YES;
				CLANG_WARN_EMPTY_BODY = YES;
				CLANG_WARN_ENUM_CONVERSION = YES;
				CLANG_WARN_INT_CONVERSION = YES;
				CLANG_WARN__DUPLICATE_METHOD_MATCH = YES;
				"CODE_SIGN_IDENTITY[sdk=iphoneos*]" = "iPhone Developer";
				COPY_PHASE_STRIP = YES;
				GCC_C_LANGUAGE_STANDARD = gnu99;
				GCC_WARN_ABOUT_RETURN_TYPE = YES;
				GCC_WARN_UNINITIALIZED_AUTOS = YES;
				GCC_WARN_UNUSED_VARIABLE = YES;
				IPHONEOS_DEPLOYMENT_TARGET = 6.1;
				OTHER_CFLAGS = "-DNS_BLOCK_ASSERTIONS=1";
				SDKROOT = iphoneos;
				VALIDATE_PRODUCT = YES;
			};
			name = Release;
		};
		2C3AA57616D4109B002AFBB9 /* Debug */ = {
			isa = XCBuildConfiguration;
			buildSettings = {
				GCC_PRECOMPILE_PREFIX_HEADER = YES;
				GCC_PREFIX_HEADER = "iPhoneApp/iPhoneApp-Prefix.pch";
				INFOPLIST_FILE = "iPhoneApp/iPhoneApp-Info.plist";
				PRODUCT_NAME = "$(TARGET_NAME)";
				WRAPPER_EXTENSION = app;
			};
			name = Debug;
		};
		2C3AA57716D4109B002AFBB9 /* Release */ = {
			isa = XCBuildConfiguration;
			buildSettings = {
				GCC_PRECOMPILE_PREFIX_HEADER = YES;
				GCC_PREFIX_HEADER = "iPhoneApp/iPhoneApp-Prefix.pch";
				INFOPLIST_FILE = "iPhoneApp/iPhoneApp-Info.plist";
				PRODUCT_NAME = "$(TARGET_NAME)";
				WRAPPER_EXTENSION = app;
			};
			name = Release;
		};
/* End XCBuildConfiguration section */

/* Begin XCConfigurationList section */
		2C3AA54D16D4109B002AFBB9 /* Build configuration list for PBXProject "iPhoneApp" */ = {
			isa = XCConfigurationList;
			buildConfigurations = (
				2C3AA57316D4109B002AFBB9 /* Debug */,
				2C3AA57416D4109B002AFBB9 /* Release */,
			);
			defaultConfigurationIsVisible = 0;
			defaultConfigurationName = Release;
		};
		2C3AA57516D4109B002AFBB9 /* Build configuration list for PBXNativeTarget "iPhoneApp" */ = {
			isa = XCConfigurationList;
			buildConfigurations = (
				2C3AA57616D4109B002AFBB9 /* Debug */,
				2C3AA57716D4109B002AFBB9 /* Release */,
			);
			defaultConfigurationIsVisible = 0;
		};
/* End XCConfigurationList section */
	};
	rootObject = 2C3AA54A16D4109B002AFBB9 /* Project object */;
}
